
Microsoft Visual Studio Solution File, Format Version 12.00
# Visual Studio Version 17
VisualStudioVersion = 17.8.34322.80
MinimumVisualStudioVersion = 10.0.40219.1
Project("{FAE04EC0-301F-11D3-BF4B-00C04F79EFBC}") = "Rapidapi", "Rapidapi\Rapidapi.csproj", "{FA983B36-EC35-4701-ACB0-E0F59F250493}"
EndProject
Global
	GlobalSection(SolutionConfigurationPlatforms) = preSolution
		Debug|Any CPU = Debug|Any CPU
		Release|Any CPU = Release|Any CPU
	EndGlobalSection
	GlobalSection(ProjectConfigurationPlatforms) = postSolution
		{FA983B36-EC35-4701-ACB0-E0F59F250493}.Debug|Any CPU.ActiveCfg = Debug|Any CPU
		{FA983B36-EC35-4701-ACB0-E0F59F250493}.Debug|Any CPU.Build.0 = Debug|Any CPU
		{FA983B36-EC35-4701-ACB0-E0F59F250493}.Release|Any CPU.ActiveCfg = Release|Any CPU
		{FA983B36-EC35-4701-ACB0-E0F59F250493}.Release|Any CPU.Build.0 = Release|Any CPU
	EndGlobalSection
	GlobalSection(SolutionProperties) = preSolution
		HideSolutionNode = FALSE
	EndGlobalSection
	GlobalSection(ExtensibilityGlobals) = postSolution
		SolutionGuid = {A5B35030-FBDF-4B4E-AF86-1F93642D06CD}
	EndGlobalSection
EndGlobal
